
Microsoft Visual Studio Solution File, Format Version 12.00
# Visual Studio Version 17
VisualStudioVersion = 17.4.33205.214
MinimumVisualStudioVersion = 10.0.40219.1
Project("{FAE04EC0-301F-11D3-BF4B-00C04F79EFBC}") = "Interval Auto Clicker", "Interval Auto Clicker\Interval Auto Clicker.csproj", "{2C1F7F31-FA5A-429C-9209-24B6F2801AEA}"
EndProject
Global
	GlobalSection(SolutionConfigurationPlatforms) = preSolution
		Debug|Any CPU = Debug|Any CPU
		Release|Any CPU = Release|Any CPU
	EndGlobalSection
	GlobalSection(ProjectConfigurationPlatforms) = postSolution
		{2C1F7F31-FA5A-429C-9209-24B6F2801AEA}.Debug|Any CPU.ActiveCfg = Debug|Any CPU
		{2C1F7F31-FA5A-429C-9209-24B6F2801AEA}.Debug|Any CPU.Build.0 = Debug|Any CPU
		{2C1F7F31-FA5A-429C-9209-24B6F2801AEA}.Release|Any CPU.ActiveCfg = Release|Any CPU
		{2C1F7F31-FA5A-429C-9209-24B6F2801AEA}.Release|Any CPU.Build.0 = Release|Any CPU
	EndGlobalSection
	GlobalSection(SolutionProperties) = preSolution
		HideSolutionNode = FALSE
	EndGlobalSection
	GlobalSection(ExtensibilityGlobals) = postSolution
		SolutionGuid = {C94D2E94-7E48-471D-AC62-7B6A93DAA221}
	EndGlobalSection
EndGlobal
